lockfileVersion: '9.0'

settings:
  autoInstallPeers: true
  excludeLinksFromLockfile: false

importers:

  .:
    dependencies:
      dropzone:
        specifier: 6.0.0-beta.2
        version: 6.0.0-beta.2
      pnpm:
        specifier: ^10.32.1
        version: 10.32.1
    devDependencies:
      '@tailwindcss/vite':
        specifier: ^4.2.2
        version: 4.2.2(vite@8.0.0(jiti@2.6.1))
      autoprefixer:
        specifier: ^10.4.27
        version: 10.4.27(postcss@8.5.8)
      axios:
        specifier: ^1.13.6
        version: 1.13.6
      laravel-vite-plugin:
        specifier: ^2.1.0
        version: 2.1.0(vite@8.0.0(jiti@2.6.1))
      postcss:
        specifier: ^8.5.8
        version: 8.5.8
      tailwindcss:
        specifier: ^4.2.2
        version: 4.2.2
      vite:
        specifier: 8.0.0
        version: 8.0.0(jiti@2.6.1)

packages:

  '@emnapi/core@1.9.0':
    resolution: {integrity: sha512-0DQ98G9ZQZOxfUcQn1waV2yS8aWdZ6kJMbYCJB3oUBecjWYO1fqJ+a1DRfPF3O5JEkwqwP1A9QEN/9mYm2Yd0w==}

  '@emnapi/runtime@1.9.0':
    resolution: {integrity: sha512-QN75eB0IH2ywSpRpNddCRfQIhmJYBCJ1x5Lb3IscKAL8bMnVAKnRg8dCoXbHzVLLH7P38N2Z3mtulB7W0J0FKw==}

  '@emnapi/wasi-threads@1.2.0':
    resolution: {integrity: sha512-N10dEJNSsUx41Z6pZsXU8FjPjpBEplgH24sfkmITrBED1/U2Esum9F3lfLrMjKHHjmi557zQn7kR9R+XWXu5Rg==}

  '@jridgewell/gen-mapping@0.3.13':
    resolution: {integrity: sha512-2kkt/7niJ6MgEPxF0bYdQ6etZaA+fQvDcLKckhy1yIQOzaoKjBBjSj63/aLVjYE3qhRt5dvM+uUyfCg6UKCBbA==}

  '@jridgewell/remapping@2.3.5':
    resolution: {integrity: sha512-LI9u/+laYG4Ds1TDKSJW2YPrIlcVYOwi2fUC6xB43lueCjgxV4lffOCZCtYFiH6TNOX+tQKXx97T4IKHbhyHEQ==}

  '@jridgewell/resolve-uri@3.1.2':
    resolution: {integrity: sha512-bRISgCIjP20/tbWSPWMEi54QVPRZExkuD9lJL+UIxUKtwVJA8wW1Trb1jMs1RFXo1CBTNZ/5hpC9QvmKWdopKw==}
    engines: {node: '>=6.0.0'}

  '@jridgewell/sourcemap-codec@1.5.5':
    resolution: {integrity: sha512-cYQ9310grqxueWbl+WuIUIaiUaDcj7WOq5fVhEljNVgRfOUhY9fy2zTvfoqWsnebh8Sl70VScFbICvJnLKB0Og==}

  '@jridgewell/trace-mapping@0.3.31':
    resolution: {integrity: sha512-zzNR+SdQSDJzc8joaeP8QQoCQr8NuYx2dIIytl1QeBEZHJ9uW6hebsrYgbz8hJwUQao3TWCMtmfV8Nu1twOLAw==}

  '@napi-rs/wasm-runtime@1.1.1':
    resolution: {integrity: sha512-p64ah1M1ld8xjWv3qbvFwHiFVWrq1yFvV4f7w+mzaqiR4IlSgkqhcRdHwsGgomwzBH51sRY4NEowLxnaBjcW/A==}

  '@oxc-project/runtime@0.115.0':
    resolution: {integrity: sha512-Rg8Wlt5dCbXhQnsXPrkOjL1DTSvXLgb2R/KYfnf1/K+R0k6UMLEmbQXPM+kwrWqSmWA2t0B1EtHy2/3zikQpvQ==}
    engines: {node: ^20.19.0 || >=22.12.0}

  '@oxc-project/types@0.115.0':
    resolution: {integrity: sha512-4n91DKnebUS4yjUHl2g3/b2T+IUdCfmoZGhmwsovZCDaJSs+QkVAM+0AqqTxHSsHfeiMuueT75cZaZcT/m0pSw==}

  '@rolldown/binding-android-arm64@1.0.0-rc.9':
    resolution: {integrity: sha512-lcJL0bN5hpgJfSIz/8PIf02irmyL43P+j1pTCfbD1DbLkmGRuFIA4DD3B3ZOvGqG0XiVvRznbKtN0COQVaKUTg==}
    engines: {node: ^20.19.0 || >=22.12.0}
    cpu: [arm64]
    os: [android]

  '@rolldown/binding-darwin-arm64@1.0.0-rc.9':
    resolution: {integrity: sha512-J7Zk3kLYFsLtuH6U+F4pS2sYVzac0qkjcO5QxHS7OS7yZu2LRs+IXo+uvJ/mvpyUljDJ3LROZPoQfgBIpCMhdQ==}
    engines: {node: ^20.19.0 || >=22.12.0}
    cpu: [arm64]
    os: [darwin]

  '@rolldown/binding-darwin-x64@1.0.0-rc.9':
    resolution: {integrity: sha512-iwtmmghy8nhfRGeNAIltcNXzD0QMNaaA5U/NyZc1Ia4bxrzFByNMDoppoC+hl7cDiUq5/1CnFthpT9n+UtfFyg==}
    engines: {node: ^20.19.0 || >=22.12.0}
    cpu: [x64]
    os: [darwin]

  '@rolldown/binding-freebsd-x64@1.0.0-rc.9':
    resolution: {integrity: sha512-DLFYI78SCiZr5VvdEplsVC2Vx53lnA4/Ga5C65iyldMVaErr86aiqCoNBLl92PXPfDtUYjUh+xFFor40ueNs4Q==}
    engines: {node: ^20.19.0 || >=22.12.0}
    cpu: [x64]
    os: [freebsd]

  '@rolldown/binding-linux-arm-gnueabihf@1.0.0-rc.9':
    resolution: {integrity: sha512-CsjTmTwd0Hri6iTw/DRMK7kOZ7FwAkrO4h8YWKoX/kcj833e4coqo2wzIFywtch/8Eb5enQ/lwLM7w6JX1W5RQ==}
    engines: {node: ^20.19.0 || >=22.12.0}
    cpu: [arm]
    os: [linux]

  '@rolldown/binding-linux-arm64-gnu@1.0.0-rc.9':
    resolution: {integrity: sha512-2x9O2JbSPxpxMDhP9Z74mahAStibTlrBMW0520+epJH5sac7/LwZW5Bmg/E6CXuEF53JJFW509uP+lSedaUNxg==}
    engines: {node: ^20.19.0 || >=22.12.0}
    cpu: [arm64]
    os: [linux]
    libc: [glibc]

  '@rolldown/binding-linux-arm64-musl@1.0.0-rc.9':
    resolution: {integrity: sha512-JA1QRW31ogheAIRhIg9tjMfsYbglXXYGNPLdPEYrwFxdbkQCAzvpSCSHCDWNl4hTtrol8WeboCSEpjdZK8qrCg==}
    engines: {node: ^20.19.0 || >=22.12.0}
    cpu: [arm64]
    os: [linux]
    libc: [musl]

  '@rolldown/binding-linux-ppc64-gnu@1.0.0-rc.9':
    resolution: {integrity: sha512-aOKU9dJheda8Kj8Y3w9gnt9QFOO+qKPAl8SWd7JPHP+Cu0EuDAE5wokQubLzIDQWg2myXq2XhTpOVS07qqvT+w==}
    engines: {node: ^20.19.0 || >=22.12.0}
    cpu: [ppc64]
    os: [linux]
    libc: [glibc]

  '@rolldown/binding-linux-s390x-gnu@1.0.0-rc.9':
    resolution: {integrity: sha512-OalO94fqj7IWRn3VdXWty75jC5dk4C197AWEuMhIpvVv2lw9fiPhud0+bW2ctCxb3YoBZor71QHbY+9/WToadA==}
    engines: {node: ^20.19.0 || >=22.12.0}
    cpu: [s390x]
    os: [linux]
    libc: [glibc]

  '@rolldown/binding-linux-x64-gnu@1.0.0-rc.9':
    resolution: {integrity: sha512-cVEl1vZtBsBZna3YMjGXNvnYYrOJ7RzuWvZU0ffvJUexWkukMaDuGhUXn0rjnV0ptzGVkvc+vW9Yqy6h8YX4pg==}
    engines: {node: ^20.19.0 || >=22.12.0}
    cpu: [x64]
    os: [linux]
    libc: [glibc]

  '@rolldown/binding-linux-x64-musl@1.0.0-rc.9':
    resolution: {integrity: sha512-UzYnKCIIc4heAKgI4PZ3dfBGUZefGCJ1TPDuLHoCzgrMYPb5Rv6TLFuYtyM4rWyHM7hymNdsg5ik2C+UD9VDbA==}
    engines: {node: ^20.19.0 || >=22.12.0}
    cpu: [x64]
    os: [linux]
    libc: [musl]

  '@rolldown/binding-openharmony-arm64@1.0.0-rc.9':
    resolution: {integrity: sha512-+6zoiF+RRyf5cdlFQP7nm58mq7+/2PFaY2DNQeD4B87N36JzfF/l9mdBkkmTvSYcYPE8tMh/o3cRlsx1ldLfog==}
    engines: {node: ^20.19.0 || >=22.12.0}
    cpu: [arm64]
    os: [openharmony]

  '@rolldown/binding-wasm32-wasi@1.0.0-rc.9':
    resolution: {integrity: sha512-rgFN6sA/dyebil3YTlL2evvi/M+ivhfnyxec7AccTpRPccno/rPoNlqybEZQBkcbZu8Hy+eqNJCqfBR8P7Pg8g==}
    engines: {node: '>=14.0.0'}
    cpu: [wasm32]

  '@rolldown/binding-win32-arm64-msvc@1.0.0-rc.9':
    resolution: {integrity: sha512-lHVNUG/8nlF1IQk1C0Ci574qKYyty2goMiPlRqkC5R+3LkXDkL5Dhx8ytbxq35m+pkHVIvIxviD+TWLdfeuadA==}
    engines: {node: ^20.19.0 || >=22.12.0}
    cpu: [arm64]
    os: [win32]

  '@rolldown/binding-win32-x64-msvc@1.0.0-rc.9':
    resolution: {integrity: sha512-G0oA4+w1iY5AGi5HcDTxWsoxF509hrFIPB2rduV5aDqS9FtDg1CAfa7V34qImbjfhIcA8C+RekocJZA96EarwQ==}
    engines: {node: ^20.19.0 || >=22.12.0}
    cpu: [x64]
    os: [win32]

  '@rolldown/pluginutils@1.0.0-rc.9':
    resolution: {integrity: sha512-w6oiRWgEBl04QkFZgmW+jnU1EC9b57Oihi2ot3HNWIQRqgHp5PnYDia5iZ5FF7rpa4EQdiqMDXjlqKGXBhsoXw==}

  '@swc/helpers@0.2.14':
    resolution: {integrity: sha512-wpCQMhf5p5GhNg2MmGKXzUNwxe7zRiCsmqYsamez2beP7mKPCSiu+BjZcdN95yYSzO857kr0VfQewmGpS77nqA==}

  '@tailwindcss/node@4.2.2':
    resolution: {integrity: sha512-pXS+wJ2gZpVXqFaUEjojq7jzMpTGf8rU6ipJz5ovJV6PUGmlJ+jvIwGrzdHdQ80Sg+wmQxUFuoW1UAAwHNEdFA==}

  '@tailwindcss/oxide-android-arm64@4.2.2':
    resolution: {integrity: sha512-dXGR1n+P3B6748jZO/SvHZq7qBOqqzQ+yFrXpoOWWALWndF9MoSKAT3Q0fYgAzYzGhxNYOoysRvYlpixRBBoDg==}
    engines: {node: '>= 20'}
    cpu: [arm64]
    os: [android]

  '@tailwindcss/oxide-darwin-arm64@4.2.2':
    resolution: {integrity: sha512-iq9Qjr6knfMpZHj55/37ouZeykwbDqF21gPFtfnhCCKGDcPI/21FKC9XdMO/XyBM7qKORx6UIhGgg6jLl7BZlg==}
    engines: {node: '>= 20'}
    cpu: [arm64]
    os: [darwin]

  '@tailwindcss/oxide-darwin-x64@4.2.2':
    resolution: {integrity: sha512-BlR+2c3nzc8f2G639LpL89YY4bdcIdUmiOOkv2GQv4/4M0vJlpXEa0JXNHhCHU7VWOKWT/CjqHdTP8aUuDJkuw==}
    engines: {node: '>= 20'}
    cpu: [x64]
    os: [darwin]

  '@tailwindcss/oxide-freebsd-x64@4.2.2':
    resolution: {integrity: sha512-YUqUgrGMSu2CDO82hzlQ5qSb5xmx3RUrke/QgnoEx7KvmRJHQuZHZmZTLSuuHwFf0DJPybFMXMYf+WJdxHy/nQ==}
    engines: {node: '>= 20'}
    cpu: [x64]
    os: [freebsd]

  '@tailwindcss/oxide-linux-arm-gnueabihf@4.2.2':
    resolution: {integrity: sha512-FPdhvsW6g06T9BWT0qTwiVZYE2WIFo2dY5aCSpjG/S/u1tby+wXoslXS0kl3/KXnULlLr1E3NPRRw0g7t2kgaQ==}
    engines: {node: '>= 20'}
    cpu: [arm]
    os: [linux]

  '@tailwindcss/oxide-linux-arm64-gnu@4.2.2':
    resolution: {integrity: sha512-4og1V+ftEPXGttOO7eCmW7VICmzzJWgMx+QXAJRAhjrSjumCwWqMfkDrNu1LXEQzNAwz28NCUpucgQPrR4S2yw==}
    engines: {node: '>= 20'}
    cpu: [arm64]
    os: [linux]
    libc: [glibc]

  '@tailwindcss/oxide-linux-arm64-musl@4.2.2':
    resolution: {integrity: sha512-oCfG/mS+/+XRlwNjnsNLVwnMWYH7tn/kYPsNPh+JSOMlnt93mYNCKHYzylRhI51X+TbR+ufNhhKKzm6QkqX8ag==}
    engines: {node: '>= 20'}
    cpu: [arm64]
    os: [linux]
    libc: [musl]

  '@tailwindcss/oxide-linux-x64-gnu@4.2.2':
    resolution: {integrity: sha512-rTAGAkDgqbXHNp/xW0iugLVmX62wOp2PoE39BTCGKjv3Iocf6AFbRP/wZT/kuCxC9QBh9Pu8XPkv/zCZB2mcMg==}
    engines: {node: '>= 20'}
    cpu: [x64]
    os: [linux]
    libc: [glibc]

  '@tailwindcss/oxide-linux-x64-musl@4.2.2':
    resolution: {integrity: sha512-XW3t3qwbIwiSyRCggeO2zxe3KWaEbM0/kW9e8+0XpBgyKU4ATYzcVSMKteZJ1iukJ3HgHBjbg9P5YPRCVUxlnQ==}
    engines: {node: '>= 20'}
    cpu: [x64]
    os: [linux]
    libc: [musl]

  '@tailwindcss/oxide-wasm32-wasi@4.2.2':
    resolution: {integrity: sha512-eKSztKsmEsn1O5lJ4ZAfyn41NfG7vzCg496YiGtMDV86jz1q/irhms5O0VrY6ZwTUkFy/EKG3RfWgxSI3VbZ8Q==}
    engines: {node: '>=14.0.0'}
    cpu: [wasm32]
    bundledDependencies:
      - '@napi-rs/wasm-runtime'
      - '@emnapi/core'
      - '@emnapi/runtime'
      - '@tybys/wasm-util'
      - '@emnapi/wasi-threads'
      - tslib

  '@tailwindcss/oxide-win32-arm64-msvc@4.2.2':
    resolution: {integrity: sha512-qPmaQM4iKu5mxpsrWZMOZRgZv1tOZpUm+zdhhQP0VhJfyGGO3aUKdbh3gDZc/dPLQwW4eSqWGrrcWNBZWUWaXQ==}
    engines: {node: '>= 20'}
    cpu: [arm64]
    os: [win32]

  '@tailwindcss/oxide-win32-x64-msvc@4.2.2':
    resolution: {integrity: sha512-1T/37VvI7WyH66b+vqHj/cLwnCxt7Qt3WFu5Q8hk65aOvlwAhs7rAp1VkulBJw/N4tMirXjVnylTR72uI0HGcA==}
    engines: {node: '>= 20'}
    cpu: [x64]
    os: [win32]

  '@tailwindcss/oxide@4.2.2':
    resolution: {integrity: sha512-qEUA07+E5kehxYp9BVMpq9E8vnJuBHfJEC0vPC5e7iL/hw7HR61aDKoVoKzrG+QKp56vhNZe4qwkRmMC0zDLvg==}
    engines: {node: '>= 20'}

  '@tailwindcss/vite@4.2.2':
    resolution: {integrity: sha512-mEiF5HO1QqCLXoNEfXVA1Tzo+cYsrqV7w9Juj2wdUFyW07JRenqMG225MvPwr3ZD9N1bFQj46X7r33iHxLUW0w==}
    peerDependencies:
      vite: ^5.2.0 || ^6 || ^7 || ^8

  '@tybys/wasm-util@0.10.1':
    resolution: {integrity: sha512-9tTaPJLSiejZKx+Bmog4uSubteqTvFrVrURwkmHixBo0G4seD0zUxp98E1DzUBJxLQ3NPwXrGKDiVjwx/DpPsg==}

  asynckit@0.4.0:
    resolution: {integrity: sha512-Oei9OH4tRh0YqU3GxhX79dM/mwVgvbZJaSNaRk+bshkj0S5cfHcgYakreBjrHwatXKbz+IoIdYLxrKim2MjW0Q==}

  autoprefixer@10.4.27:
    resolution: {integrity: sha512-NP9APE+tO+LuJGn7/9+cohklunJsXWiaWEfV3si4Gi/XHDwVNgkwr1J3RQYFIvPy76GmJ9/bW8vyoU1LcxwKHA==}
    engines: {node: ^10 || ^12 || >=14}
    hasBin: true
    peerDependencies:
      postcss: ^8.1.0

  axios@1.13.6:
    resolution: {integrity: sha512-ChTCHMouEe2kn713WHbQGcuYrr6fXTBiu460OTwWrWob16g1bXn4vtz07Ope7ewMozJAnEquLk5lWQWtBig9DQ==}

  baseline-browser-mapping@2.10.8:
    resolution: {integrity: sha512-PCLz/LXGBsNTErbtB6i5u4eLpHeMfi93aUv5duMmj6caNu6IphS4q6UevDnL36sZQv9lrP11dbPKGMaXPwMKfQ==}
    engines: {node: '>=6.0.0'}
    hasBin: true

  browserslist@4.28.1:
    resolution: {integrity: sha512-ZC5Bd0LgJXgwGqUknZY/vkUQ04r8NXnJZ3yYi4vDmSiZmC/pdSN0NbNRPxZpbtO4uAfDUAFffO8IZoM3Gj8IkA==}
    engines: {node: ^6 || ^7 || ^8 || ^9 || ^10 || ^11 || ^12 || >=13.7}
    hasBin: true

  call-bind-apply-helpers@1.0.2:
    resolution: {integrity: sha512-Sp1ablJ0ivDkSzjcaJdxEunN5/XvksFJ2sMBFfq6x0ryhQV/2b/KwFe21cMpmHtPOSij8K99/wSfoEuTObmuMQ==}
    engines: {node: '>= 0.4'}

  caniuse-lite@1.0.30001780:
    resolution: {integrity: sha512-llngX0E7nQci5BPJDqoZSbuZ5Bcs9F5db7EtgfwBerX9XGtkkiO4NwfDDIRzHTTwcYC8vC7bmeUEPGrKlR/TkQ==}

  combined-stream@1.0.8:
    resolution: {integrity: sha512-FQN4MRfuJeHf7cBbBMJFXhKSDq+2kAArBlmRBvcvFE5BB1HZKXtSFASDhdlz9zOYwxh8lDdnvmMOe/+5cdoEdg==}
    engines: {node: '>= 0.8'}

  delayed-stream@1.0.0:
    resolution: {integrity: sha512-ZySD7Nf91aLB0RxL4KGrKHBXl7Eds1DAmEdcoVawXnLD7SDhpNgtuII2aAkg7a7QS41jxPSZ17p4VdGnMHk3MQ==}
    engines: {node: '>=0.4.0'}

  detect-libc@2.1.2:
    resolution: {integrity: sha512-Btj2BOOO83o3WyH59e8MgXsxEQVcarkUOpEYrubB0urwnN10yQ364rsiByU11nZlqWYZm05i/of7io4mzihBtQ==}
    engines: {node: '>=8'}

  dropzone@6.0.0-beta.2:
    resolution: {integrity: sha512-k44yLuFFhRk53M8zP71FaaNzJYIzr99SKmpbO/oZKNslDjNXQsBTdfLs+iONd0U0L94zzlFzRnFdqbLcs7h9fQ==}

  dunder-proto@1.0.1:
    resolution: {integrity: sha512-KIN/nDJBQRcXw0MLVhZE9iQHmG68qAVIBg9CqmUYjmQIhgij9U5MFvrqkUL5FbtyyzZuOeOt0zdeRe4UY7ct+A==}
    engines: {node: '>= 0.4'}

  electron-to-chromium@1.5.321:
    resolution: {integrity: sha512-L2C7Q279W2D/J4PLZLk7sebOILDSWos7bMsMNN06rK482umHUrh/3lM8G7IlHFOYip2oAg5nha1rCMxr/rs6ZQ==}

  enhanced-resolve@5.20.1:
    resolution: {integrity: sha512-Qohcme7V1inbAfvjItgw0EaxVX5q2rdVEZHRBrEQdRZTssLDGsL8Lwrznl8oQ/6kuTJONLaDcGjkNP247XEhcA==}
    engines: {node: '>=10.13.0'}

  es-define-property@1.0.1:
    resolution: {integrity: sha512-e3nRfgfUZ4rNGL232gUgX06QNyyez04KdjFrF+LTRoOXmrOgFKDg4BCdsjW8EnT69eqdYGmRpJwiPVYNrCaW3g==}
    engines: {node: '>= 0.4'}

  es-errors@1.3.0:
    resolution: {integrity: sha512-Zf5H2Kxt2xjTvbJvP2ZWLEICxA6j+hAmMzIlypy4xcBg1vKVnx89Wy0GbS+kf5cwCVFFzdCFh2XSCFNULS6csw==}
    engines: {node: '>= 0.4'}

  es-object-atoms@1.1.1:
    resolution: {integrity: sha512-FGgH2h8zKNim9ljj7dankFPcICIK9Cp5bm+c2gQSYePhpaG5+esrLODihIorn+Pe6FGJzWhXQotPv73jTaldXA==}
    engines: {node: '>= 0.4'}

  es-set-tostringtag@2.1.0:
    resolution: {integrity: sha512-j6vWzfrGVfyXxge+O0x5sh6cvxAog0a/4Rdd2K36zCMV5eJ+/+tOAngRO8cODMNWbVRdVlmGZQL2YS3yR8bIUA==}
    engines: {node: '>= 0.4'}

  escalade@3.2.0:
    resolution: {integrity: sha512-WUj2qlxaQtO4g6Pq5c29GTcWGDyd8itL8zTlipgECz3JesAiiOKotd8JU6otB3PACgG6xkJUyVhboMS+bje/jA==}
    engines: {node: '>=6'}

  fdir@6.5.0:
    resolution: {integrity: sha512-tIbYtZbucOs0BRGqPJkshJUYdL+SDH7dVM8gjy+ERp3WAUjLEFJE+02kanyHtwjWOnwrKYBiwAmM0p4kLJAnXg==}
    engines: {node: '>=12.0.0'}
    peerDependencies:
      picomatch: ^3 || ^4
    peerDependenciesMeta:
      picomatch:
        optional: true

  follow-redirects@1.15.11:
    resolution: {integrity: sha512-deG2P0JfjrTxl50XGCDyfI97ZGVCxIpfKYmfyrQ54n5FO/0gfIES8C/Psl6kWVDolizcaaxZJnTS0QSMxvnsBQ==}
    engines: {node: '>=4.0'}
    peerDependencies:
      debug: '*'
    peerDependenciesMeta:
      debug:
        optional: true

  form-data@4.0.5:
    resolution: {integrity: sha512-8RipRLol37bNs2bhoV67fiTEvdTrbMUYcFTiy3+wuuOnUog2QBHCZWXDRijWQfAkhBj2Uf5UnVaiWwA5vdd82w==}
    engines: {node: '>= 6'}

  fraction.js@5.3.4:
    resolution: {integrity: sha512-1X1NTtiJphryn/uLQz3whtY6jK3fTqoE3ohKs0tT+Ujr1W59oopxmoEh7Lu5p6vBaPbgoM0bzveAW4Qi5RyWDQ==}

  fsevents@2.3.3:
    resolution: {integrity: sha512-5xoDfX+fL7faATnagmWPpbFtwh/R77WmMMqqHGS65C3vvB0YHrgF+B1YmZ3441tMj5n63k0212XNoJwzlhffQw==}
    engines: {node: ^8.16.0 || ^10.6.0 || >=11.0.0}
    os: [darwin]

  function-bind@1.1.2:
    resolution: {integrity: sha512-7XHNxH7qX9xG5mIwxkhumTox/MIRNcOgDrxWsMt2pAr23WHp6MrRlN7FBSFpCpr+oVO0F744iUgR82nJMfG2SA==}

  get-intrinsic@1.3.0:
    resolution: {integrity: sha512-9fSjSaos/fRIVIp+xSJlE6lfwhES7LNtKaCBIamHsjr2na1BiABJPo0mOjjz8GJDURarmCPGqaiVg5mfjb98CQ==}
    engines: {node: '>= 0.4'}

  get-proto@1.0.1:
    resolution: {integrity: sha512-sTSfBjoXBp89JvIKIefqw7U2CCebsc74kiY6awiGogKtoSGbgjYE/G/+l9sF3MWFPNc9IcoOC4ODfKHfxFmp0g==}
    engines: {node: '>= 0.4'}

  gopd@1.2.0:
    resolution: {integrity: sha512-ZUKRh6/kUFoAiTAtTYPZJ3hw9wNxx+BIBOijnlG9PnrJsCcSjs1wyyD6vJpaYtgnzDrKYRSqf3OO6Rfa93xsRg==}
    engines: {node: '>= 0.4'}

  graceful-fs@4.2.11:
    resolution: {integrity: sha512-RbJ5/jmFcNNCcDV5o9eTnBLJ/HszWV0P73bc+Ff4nS/rJj+YaS6IGyiOL0VoBYX+l1Wrl3k63h/KrH+nhJ0XvQ==}

  has-symbols@1.1.0:
    resolution: {integrity: sha512-1cDNdwJ2Jaohmb3sg4OmKaMBwuC48sYni5HUw2DvsC8LjGTLK9h+eb1X6RyuOHe4hT0ULCW68iomhjUoKUqlPQ==}
    engines: {node: '>= 0.4'}

  has-tostringtag@1.0.2:
    resolution: {integrity: sha512-NqADB8VjPFLM2V0VvHUewwwsw0ZWBaIdgo+ieHtK3hasLz4qeCRjYcqfB6AQrBggRKppKF8L52/VqdVsO47Dlw==}
    engines: {node: '>= 0.4'}

  hasown@2.0.2:
    resolution: {integrity: sha512-0hJU9SCPvmMzIBdZFqNPXWa6dqh7WdH0cII9y+CyS8rG3nL48Bclra9HmKhVVUHyPWNH5Y7xDwAB7bfgSjkUMQ==}
    engines: {node: '>= 0.4'}

  jiti@2.6.1:
    resolution: {integrity: sha512-ekilCSN1jwRvIbgeg/57YFh8qQDNbwDb9xT/qu2DAHbFFZUicIl4ygVaAvzveMhMVr3LnpSKTNnwt8PoOfmKhQ==}
    hasBin: true

  just-extend@5.1.1:
    resolution: {integrity: sha512-b+z6yF1d4EOyDgylzQo5IminlUmzSeqR1hs/bzjBNjuGras4FXq/6TrzjxfN0j+TmI0ltJzTNlqXUMCniciwKQ==}

  laravel-vite-plugin@2.1.0:
    resolution: {integrity: sha512-z+ck2BSV6KWtYcoIzk9Y5+p4NEjqM+Y4i8/H+VZRLq0OgNjW2DqyADquwYu5j8qRvaXwzNmfCWl1KrMlV1zpsg==}
    engines: {node: ^20.19.0 || >=22.12.0}
    hasBin: true
    peerDependencies:
      vite: ^7.0.0

  lightningcss-android-arm64@1.32.0:
    resolution: {integrity: sha512-YK7/ClTt4kAK0vo6w3X+Pnm0D2cf2vPHbhOXdoNti1Ga0al1P4TBZhwjATvjNwLEBCnKvjJc2jQgHXH0NEwlAg==}
    engines: {node: '>= 12.0.0'}
    cpu: [arm64]
    os: [android]

  lightningcss-darwin-arm64@1.32.0:
    resolution: {integrity: sha512-RzeG9Ju5bag2Bv1/lwlVJvBE3q6TtXskdZLLCyfg5pt+HLz9BqlICO7LZM7VHNTTn/5PRhHFBSjk5lc4cmscPQ==}
    engines: {node: '>= 12.0.0'}
    cpu: [arm64]
    os: [darwin]

  lightningcss-darwin-x64@1.32.0:
    resolution: {integrity: sha512-U+QsBp2m/s2wqpUYT/6wnlagdZbtZdndSmut/NJqlCcMLTWp5muCrID+K5UJ6jqD2BFshejCYXniPDbNh73V8w==}
    engines: {node: '>= 12.0.0'}
    cpu: [x64]
    os: [darwin]

  lightningcss-freebsd-x64@1.32.0:
    resolution: {integrity: sha512-JCTigedEksZk3tHTTthnMdVfGf61Fky8Ji2E4YjUTEQX14xiy/lTzXnu1vwiZe3bYe0q+SpsSH/CTeDXK6WHig==}
    engines: {node: '>= 12.0.0'}
    cpu: [x64]
    os: [freebsd]

  lightningcss-linux-arm-gnueabihf@1.32.0:
    resolution: {integrity: sha512-x6rnnpRa2GL0zQOkt6rts3YDPzduLpWvwAF6EMhXFVZXD4tPrBkEFqzGowzCsIWsPjqSK+tyNEODUBXeeVHSkw==}
    engines: {node: '>= 12.0.0'}
    cpu: [arm]
    os: [linux]

  lightningcss-linux-arm64-gnu@1.32.0:
    resolution: {integrity: sha512-0nnMyoyOLRJXfbMOilaSRcLH3Jw5z9HDNGfT/gwCPgaDjnx0i8w7vBzFLFR1f6CMLKF8gVbebmkUN3fa/kQJpQ==}
    engines: {node: '>= 12.0.0'}
    cpu: [arm64]
    os: [linux]
    libc: [glibc]

  lightningcss-linux-arm64-musl@1.32.0:
    resolution: {integrity: sha512-UpQkoenr4UJEzgVIYpI80lDFvRmPVg6oqboNHfoH4CQIfNA+HOrZ7Mo7KZP02dC6LjghPQJeBsvXhJod/wnIBg==}
    engines: {node: '>= 12.0.0'}
    cpu: [arm64]
    os: [linux]
    libc: [musl]

  lightningcss-linux-x64-gnu@1.32.0:
    resolution: {integrity: sha512-V7Qr52IhZmdKPVr+Vtw8o+WLsQJYCTd8loIfpDaMRWGUZfBOYEJeyJIkqGIDMZPwPx24pUMfwSxxI8phr/MbOA==}
    engines: {node: '>= 12.0.0'}
    cpu: [x64]
    os: [linux]
    libc: [glibc]

  lightningcss-linux-x64-musl@1.32.0:
    resolution: {integrity: sha512-bYcLp+Vb0awsiXg/80uCRezCYHNg1/l3mt0gzHnWV9XP1W5sKa5/TCdGWaR/zBM2PeF/HbsQv/j2URNOiVuxWg==}
    engines: {node: '>= 12.0.0'}
    cpu: [x64]
    os: [linux]
    libc: [musl]

  lightningcss-win32-arm64-msvc@1.32.0:
    resolution: {integrity: sha512-8SbC8BR40pS6baCM8sbtYDSwEVQd4JlFTOlaD3gWGHfThTcABnNDBda6eTZeqbofalIJhFx0qKzgHJmcPTnGdw==}
    engines: {node: '>= 12.0.0'}
    cpu: [arm64]
    os: [win32]

  lightningcss-win32-x64-msvc@1.32.0:
    resolution: {integrity: sha512-Amq9B/SoZYdDi1kFrojnoqPLxYhQ4Wo5XiL8EVJrVsB8ARoC1PWW6VGtT0WKCemjy8aC+louJnjS7U18x3b06Q==}
    engines: {node: '>= 12.0.0'}
    cpu: [x64]
    os: [win32]

  lightningcss@1.32.0:
    resolution: {integrity: sha512-NXYBzinNrblfraPGyrbPoD19C1h9lfI/1mzgWYvXUTe414Gz/X1FD2XBZSZM7rRTrMA8JL3OtAaGifrIKhQ5yQ==}
    engines: {node: '>= 12.0.0'}

  magic-string@0.30.21:
    resolution: {integrity: sha512-vd2F4YUyEXKGcLHoq+TEyCjxueSeHnFxyyjNp80yg0XV4vUhnDer/lvvlqM/arB5bXQN5K2/3oinyCRyx8T2CQ==}

  math-intrinsics@1.1.0:
    resolution: {integrity: sha512-/IXtbwEk5HTPyEwyKX6hGkYXxM9nbj64B+ilVJnC/R6B0pH5G4V3b0pVbL7DBj4tkhBAppbQUlf6F6Xl9LHu1g==}
    engines: {node: '>= 0.4'}

  mime-db@1.52.0:
    resolution: {integrity: sha512-sPU4uV7dYlvtWJxwwxHD0PuihVNiE7TyAbQ5SWxDCB9mUYvOgroQOwYQQOKPJ8CIbE+1ETVlOoK1UC2nU3gYvg==}
    engines: {node: '>= 0.6'}

  mime-types@2.1.35:
    resolution: {integrity: sha512-ZDY+bPm5zTTF+YpCrAU9nK0UgICYPT0QtT1NZWFv4s++TNkcgVaT0g6+4R2uI4MjQjzysHB1zxuWL50hzaeXiw==}
    engines: {node: '>= 0.6'}

  nanoid@3.3.11:
    resolution: {integrity: sha512-N8SpfPUnUp1bK+PMYW8qSWdl9U+wwNWI4QKxOYDy9JAro3WMX7p2OeVRF9v+347pnakNevPmiHhNmZ2HbFA76w==}
    engines: {node: ^10 || ^12 || ^13.7 || ^14 || >=15.0.1}
    hasBin: true

  node-releases@2.0.36:
    resolution: {integrity: sha512-TdC8FSgHz8Mwtw9g5L4gR/Sh9XhSP/0DEkQxfEFXOpiul5IiHgHan2VhYYb6agDSfp4KuvltmGApc8HMgUrIkA==}

  picocolors@1.1.1:
    resolution: {integrity: sha512-xceH2snhtb5M9liqDsmEw56le376mTZkEX/jEb/RxNFyegNul7eNslCXP9FDj/Lcu0X8KEyMceP2ntpaHrDEVA==}

  picomatch@2.3.1:
    resolution: {integrity: sha512-JU3teHTNjmE2VCGFzuY8EXzCDVwEqB2a8fsIvwaStHhAWJEeVd1o1QD80CU6+ZdEXXSLbSsuLwJjkCBWqRQUVA==}
    engines: {node: '>=8.6'}

  picomatch@4.0.3:
    resolution: {integrity: sha512-5gTmgEY/sqK6gFXLIsQNH19lWb4ebPDLA4SdLP7dsWkIXHWlG66oPuVvXSGFPppYZz8ZDZq0dYYrbHfBCVUb1Q==}
    engines: {node: '>=12'}

  pnpm@10.32.1:
    resolution: {integrity: sha512-pwaTjw6JrBRWtlY+q07fHR+vM2jRGR/FxZeQ6W3JGORFarLmfWE94QQ9LoyB+HMD5rQNT/7KnfFe8a1Wc0jyvg==}
    engines: {node: '>=18.12'}
    hasBin: true

  postcss-value-parser@4.2.0:
    resolution: {integrity: sha512-1NNCs6uurfkVbeXG4S8JFT9t19m45ICnif8zWLd5oPSZ50QnwMfK+H3jv408d4jw/7Bttv5axS5IiHoLaVNHeQ==}

  postcss@8.5.8:
    resolution: {integrity: sha512-OW/rX8O/jXnm82Ey1k44pObPtdblfiuWnrd8X7GJ7emImCOstunGbXUpp7HdBrFQX6rJzn3sPT397Wp5aCwCHg==}
    engines: {node: ^10 || ^12 || >=14}

  proxy-from-env@1.1.0:
    resolution: {integrity: sha512-D+zkORCbA9f1tdWRK0RaCR3GPv50cMxcrz4X8k5LTSUD1Dkw47mKJEZQNunItRTkWwgtaUSo1RVFRIG9ZXiFYg==}

  rolldown@1.0.0-rc.9:
    resolution: {integrity: sha512-9EbgWge7ZH+yqb4d2EnELAntgPTWbfL8ajiTW+SyhJEC4qhBbkCKbqFV4Ge4zmu5ziQuVbWxb/XwLZ+RIO7E8Q==}
    engines: {node: ^20.19.0 || >=22.12.0}
    hasBin: true

  source-map-js@1.2.1:
    resolution: {integrity: sha512-UXWMKhLOwVKb728IUtQPXxfYU+usdybtUrK/8uGE8CQMvrhOpwvzDBwj0QhSL7MQc7vIsISBG8VQ8+IDQxpfQA==}
    engines: {node: '>=0.10.0'}

  tailwindcss@4.2.2:
    resolution: {integrity: sha512-KWBIxs1Xb6NoLdMVqhbhgwZf2PGBpPEiwOqgI4pFIYbNTfBXiKYyWoTsXgBQ9WFg/OlhnvHaY+AEpW7wSmFo2Q==}

  tapable@2.3.0:
    resolution: {integrity: sha512-g9ljZiwki/LfxmQADO3dEY1CbpmXT5Hm2fJ+QaGKwSXUylMybePR7/67YW7jOrrvjEgL1Fmz5kzyAjWVWLlucg==}
    engines: {node: '>=6'}

  tinyglobby@0.2.15:
    resolution: {integrity: sha512-j2Zq4NyQYG5XMST4cbs02Ak8iJUdxRM0XI5QyxXuZOzKOINmWurp3smXu3y5wDcJrptwpSjgXHzIQxR0omXljQ==}
    engines: {node: '>=12.0.0'}

  tslib@2.8.1:
    resolution: {integrity: sha512-oJFu94HQb+KVduSUQL7wnpmqnfmLsOA/nAh6b6EH0wCEoK0/mPeXU6c3wKDV83MkOuHPRHtSXKKU99IBazS/2w==}

  update-browserslist-db@1.2.3:
    resolution: {integrity: sha512-Js0m9cx+qOgDxo0eMiFGEueWztz+d4+M3rGlmKPT+T4IS/jP4ylw3Nwpu6cpTTP8R1MAC1kF4VbdLt3ARf209w==}
    hasBin: true
    peerDependencies:
      browserslist: '>= 4.21.0'

  vite-plugin-full-reload@1.2.0:
    resolution: {integrity: sha512-kz18NW79x0IHbxRSHm0jttP4zoO9P9gXh+n6UTwlNKnviTTEpOlum6oS9SmecrTtSr+muHEn5TUuC75UovQzcA==}

  vite@8.0.0:
    resolution: {integrity: sha512-fPGaRNj9Zytaf8LEiBhY7Z6ijnFKdzU/+mL8EFBaKr7Vw1/FWcTBAMW0wLPJAGMPX38ZPVCVgLceWiEqeoqL2Q==}
    engines: {node: ^20.19.0 || >=22.12.0}
    hasBin: true
    peerDependencies:
      '@types/node': ^20.19.0 || >=22.12.0
      '@vitejs/devtools': ^0.0.0-alpha.31
      esbuild: ^0.27.0
      jiti: '>=1.21.0'
      less: ^4.0.0
      sass: ^1.70.0
      sass-embedded: ^1.70.0
      stylus: '>=0.54.8'
      sugarss: ^5.0.0
      terser: ^5.16.0
      tsx: ^4.8.1
      yaml: ^2.4.2
    peerDependenciesMeta:
      '@types/node':
        optional: true
      '@vitejs/devtools':
        optional: true
      esbuild:
        optional: true
      jiti:
        optional: true
      less:
        optional: true
      sass:
        optional: true
      sass-embedded:
        optional: true
      stylus:
        optional: true
      sugarss:
        optional: true
      terser:
        optional: true
      tsx:
        optional: true
      yaml:
        optional: true

snapshots:

  '@emnapi/core@1.9.0':
    dependencies:
      '@emnapi/wasi-threads': 1.2.0
      tslib: 2.8.1
    optional: true

  '@emnapi/runtime@1.9.0':
    dependencies:
      tslib: 2.8.1
    optional: true

  '@emnapi/wasi-threads@1.2.0':
    dependencies:
      tslib: 2.8.1
    optional: true

  '@jridgewell/gen-mapping@0.3.13':
    dependencies:
      '@jridgewell/sourcemap-codec': 1.5.5
      '@jridgewell/trace-mapping': 0.3.31

  '@jridgewell/remapping@2.3.5':
    dependencies:
      '@jridgewell/gen-mapping': 0.3.13
      '@jridgewell/trace-mapping': 0.3.31

  '@jridgewell/resolve-uri@3.1.2': {}

  '@jridgewell/sourcemap-codec@1.5.5': {}

  '@jridgewell/trace-mapping@0.3.31':
    dependencies:
      '@jridgewell/resolve-uri': 3.1.2
      '@jridgewell/sourcemap-codec': 1.5.5

  '@napi-rs/wasm-runtime@1.1.1':
    dependencies:
      '@emnapi/core': 1.9.0
      '@emnapi/runtime': 1.9.0
      '@tybys/wasm-util': 0.10.1
    optional: true

  '@oxc-project/runtime@0.115.0': {}

  '@oxc-project/types@0.115.0': {}

  '@rolldown/binding-android-arm64@1.0.0-rc.9':
    optional: true

  '@rolldown/binding-darwin-arm64@1.0.0-rc.9':
    optional: true

  '@rolldown/binding-darwin-x64@1.0.0-rc.9':
    optional: true

  '@rolldown/binding-freebsd-x64@1.0.0-rc.9':
    optional: true

  '@rolldown/binding-linux-arm-gnueabihf@1.0.0-rc.9':
    optional: true

  '@rolldown/binding-linux-arm64-gnu@1.0.0-rc.9':
    optional: true

  '@rolldown/binding-linux-arm64-musl@1.0.0-rc.9':
    optional: true

  '@rolldown/binding-linux-ppc64-gnu@1.0.0-rc.9':
    optional: true

  '@rolldown/binding-linux-s390x-gnu@1.0.0-rc.9':
    optional: true

  '@rolldown/binding-linux-x64-gnu@1.0.0-rc.9':
    optional: true

  '@rolldown/binding-linux-x64-musl@1.0.0-rc.9':
    optional: true

  '@rolldown/binding-openharmony-arm64@1.0.0-rc.9':
    optional: true

  '@rolldown/binding-wasm32-wasi@1.0.0-rc.9':
    dependencies:
      '@napi-rs/wasm-runtime': 1.1.1
    optional: true

  '@rolldown/binding-win32-arm64-msvc@1.0.0-rc.9':
    optional: true

  '@rolldown/binding-win32-x64-msvc@1.0.0-rc.9':
    optional: true

  '@rolldown/pluginutils@1.0.0-rc.9': {}

  '@swc/helpers@0.2.14': {}

  '@tailwindcss/node@4.2.2':
    dependencies:
      '@jridgewell/remapping': 2.3.5
      enhanced-resolve: 5.20.1
      jiti: 2.6.1
      lightningcss: 1.32.0
      magic-string: 0.30.21
      source-map-js: 1.2.1
      tailwindcss: 4.2.2

  '@tailwindcss/oxide-android-arm64@4.2.2':
    optional: true

  '@tailwindcss/oxide-darwin-arm64@4.2.2':
    optional: true

  '@tailwindcss/oxide-darwin-x64@4.2.2':
    optional: true

  '@tailwindcss/oxide-freebsd-x64@4.2.2':
    optional: true

  '@tailwindcss/oxide-linux-arm-gnueabihf@4.2.2':
    optional: true

  '@tailwindcss/oxide-linux-arm64-gnu@4.2.2':
    optional: true

  '@tailwindcss/oxide-linux-arm64-musl@4.2.2':
    optional: true

  '@tailwindcss/oxide-linux-x64-gnu@4.2.2':
    optional: true

  '@tailwindcss/oxide-linux-x64-musl@4.2.2':
    optional: true

  '@tailwindcss/oxide-wasm32-wasi@4.2.2':
    optional: true

  '@tailwindcss/oxide-win32-arm64-msvc@4.2.2':
    optional: true

  '@tailwindcss/oxide-win32-x64-msvc@4.2.2':
    optional: true

  '@tailwindcss/oxide@4.2.2':
    optionalDependencies:
      '@tailwindcss/oxide-android-arm64': 4.2.2
      '@tailwindcss/oxide-darwin-arm64': 4.2.2
      '@tailwindcss/oxide-darwin-x64': 4.2.2
      '@tailwindcss/oxide-freebsd-x64': 4.2.2
      '@tailwindcss/oxide-linux-arm-gnueabihf': 4.2.2
      '@tailwindcss/oxide-linux-arm64-gnu': 4.2.2
      '@tailwindcss/oxide-linux-arm64-musl': 4.2.2
      '@tailwindcss/oxide-linux-x64-gnu': 4.2.2
      '@tailwindcss/oxide-linux-x64-musl': 4.2.2
      '@tailwindcss/oxide-wasm32-wasi': 4.2.2
      '@tailwindcss/oxide-win32-arm64-msvc': 4.2.2
      '@tailwindcss/oxide-win32-x64-msvc': 4.2.2

  '@tailwindcss/vite@4.2.2(vite@8.0.0(jiti@2.6.1))':
    dependencies:
      '@tailwindcss/node': 4.2.2
      '@tailwindcss/oxide': 4.2.2
      tailwindcss: 4.2.2
      vite: 8.0.0(jiti@2.6.1)

  '@tybys/wasm-util@0.10.1':
    dependencies:
      tslib: 2.8.1
    optional: true

  asynckit@0.4.0: {}

  autoprefixer@10.4.27(postcss@8.5.8):
    dependencies:
      browserslist: 4.28.1
      caniuse-lite: 1.0.30001780
      fraction.js: 5.3.4
      picocolors: 1.1.1
      postcss: 8.5.8
      postcss-value-parser: 4.2.0

  axios@1.13.6:
    dependencies:
      follow-redirects: 1.15.11
      form-data: 4.0.5
      proxy-from-env: 1.1.0
    transitivePeerDependencies:
      - debug

  baseline-browser-mapping@2.10.8: {}

  browserslist@4.28.1:
    dependencies:
      baseline-browser-mapping: 2.10.8
      caniuse-lite: 1.0.30001780
      electron-to-chromium: 1.5.321
      node-releases: 2.0.36
      update-browserslist-db: 1.2.3(browserslist@4.28.1)

  call-bind-apply-helpers@1.0.2:
    dependencies:
      es-errors: 1.3.0
      function-bind: 1.1.2

  caniuse-lite@1.0.30001780: {}

  combined-stream@1.0.8:
    dependencies:
      delayed-stream: 1.0.0

  delayed-stream@1.0.0: {}

  detect-libc@2.1.2: {}

  dropzone@6.0.0-beta.2:
    dependencies:
      '@swc/helpers': 0.2.14
      just-extend: 5.1.1

  dunder-proto@1.0.1:
    dependencies:
      call-bind-apply-helpers: 1.0.2
      es-errors: 1.3.0
      gopd: 1.2.0

  electron-to-chromium@1.5.321: {}

  enhanced-resolve@5.20.1:
    dependencies:
      graceful-fs: 4.2.11
      tapable: 2.3.0

  es-define-property@1.0.1: {}

  es-errors@1.3.0: {}

  es-object-atoms@1.1.1:
    dependencies:
      es-errors: 1.3.0

  es-set-tostringtag@2.1.0:
    dependencies:
      es-errors: 1.3.0
      get-intrinsic: 1.3.0
      has-tostringtag: 1.0.2
      hasown: 2.0.2

  escalade@3.2.0: {}

  fdir@6.5.0(picomatch@4.0.3):
    optionalDependencies:
      picomatch: 4.0.3

  follow-redirects@1.15.11: {}

  form-data@4.0.5:
    dependencies:
      asynckit: 0.4.0
      combined-stream: 1.0.8
      es-set-tostringtag: 2.1.0
      hasown: 2.0.2
      mime-types: 2.1.35

  fraction.js@5.3.4: {}

  fsevents@2.3.3:
    optional: true

  function-bind@1.1.2: {}

  get-intrinsic@1.3.0:
    dependencies:
      call-bind-apply-helpers: 1.0.2
      es-define-property: 1.0.1
      es-errors: 1.3.0
      es-object-atoms: 1.1.1
      function-bind: 1.1.2
      get-proto: 1.0.1
      gopd: 1.2.0
      has-symbols: 1.1.0
      hasown: 2.0.2
      math-intrinsics: 1.1.0

  get-proto@1.0.1:
    dependencies:
      dunder-proto: 1.0.1
      es-object-atoms: 1.1.1

  gopd@1.2.0: {}

  graceful-fs@4.2.11: {}

  has-symbols@1.1.0: {}

  has-tostringtag@1.0.2:
    dependencies:
      has-symbols: 1.1.0

  hasown@2.0.2:
    dependencies:
      function-bind: 1.1.2

  jiti@2.6.1: {}

  just-extend@5.1.1: {}

  laravel-vite-plugin@2.1.0(vite@8.0.0(jiti@2.6.1)):
    dependencies:
      picocolors: 1.1.1
      vite: 8.0.0(jiti@2.6.1)
      vite-plugin-full-reload: 1.2.0

  lightningcss-android-arm64@1.32.0:
    optional: true

  lightningcss-darwin-arm64@1.32.0:
    optional: true

  lightningcss-darwin-x64@1.32.0:
    optional: true

  lightningcss-freebsd-x64@1.32.0:
    optional: true

  lightningcss-linux-arm-gnueabihf@1.32.0:
    optional: true

  lightningcss-linux-arm64-gnu@1.32.0:
    optional: true

  lightningcss-linux-arm64-musl@1.32.0:
    optional: true

  lightningcss-linux-x64-gnu@1.32.0:
    optional: true

  lightningcss-linux-x64-musl@1.32.0:
    optional: true

  lightningcss-win32-arm64-msvc@1.32.0:
    optional: true

  lightningcss-win32-x64-msvc@1.32.0:
    optional: true

  lightningcss@1.32.0:
    dependencies:
      detect-libc: 2.1.2
    optionalDependencies:
      lightningcss-android-arm64: 1.32.0
      lightningcss-darwin-arm64: 1.32.0
      lightningcss-darwin-x64: 1.32.0
      lightningcss-freebsd-x64: 1.32.0
      lightningcss-linux-arm-gnueabihf: 1.32.0
      lightningcss-linux-arm64-gnu: 1.32.0
      lightningcss-linux-arm64-musl: 1.32.0
      lightningcss-linux-x64-gnu: 1.32.0
      lightningcss-linux-x64-musl: 1.32.0
      lightningcss-win32-arm64-msvc: 1.32.0
      lightningcss-win32-x64-msvc: 1.32.0

  magic-string@0.30.21:
    dependencies:
      '@jridgewell/sourcemap-codec': 1.5.5

  math-intrinsics@1.1.0: {}

  mime-db@1.52.0: {}

  mime-types@2.1.35:
    dependencies:
      mime-db: 1.52.0

  nanoid@3.3.11: {}

  node-releases@2.0.36: {}

  picocolors@1.1.1: {}

  picomatch@2.3.1: {}

  picomatch@4.0.3: {}

  pnpm@10.32.1: {}

  postcss-value-parser@4.2.0: {}

  postcss@8.5.8:
    dependencies:
      nanoid: 3.3.11
      picocolors: 1.1.1
      source-map-js: 1.2.1

  proxy-from-env@1.1.0: {}

  rolldown@1.0.0-rc.9:
    dependencies:
      '@oxc-project/types': 0.115.0
      '@rolldown/pluginutils': 1.0.0-rc.9
    optionalDependencies:
      '@rolldown/binding-android-arm64': 1.0.0-rc.9
      '@rolldown/binding-darwin-arm64': 1.0.0-rc.9
      '@rolldown/binding-darwin-x64': 1.0.0-rc.9
      '@rolldown/binding-freebsd-x64': 1.0.0-rc.9
      '@rolldown/binding-linux-arm-gnueabihf': 1.0.0-rc.9
      '@rolldown/binding-linux-arm64-gnu': 1.0.0-rc.9
      '@rolldown/binding-linux-arm64-musl': 1.0.0-rc.9
      '@rolldown/binding-linux-ppc64-gnu': 1.0.0-rc.9
      '@rolldown/binding-linux-s390x-gnu': 1.0.0-rc.9
      '@rolldown/binding-linux-x64-gnu': 1.0.0-rc.9
      '@rolldown/binding-linux-x64-musl': 1.0.0-rc.9
      '@rolldown/binding-openharmony-arm64': 1.0.0-rc.9
      '@rolldown/binding-wasm32-wasi': 1.0.0-rc.9
      '@rolldown/binding-win32-arm64-msvc': 1.0.0-rc.9
      '@rolldown/binding-win32-x64-msvc': 1.0.0-rc.9

  source-map-js@1.2.1: {}

  tailwindcss@4.2.2: {}

  tapable@2.3.0: {}

  tinyglobby@0.2.15:
    dependencies:
      fdir: 6.5.0(picomatch@4.0.3)
      picomatch: 4.0.3

  tslib@2.8.1:
    optional: true

  update-browserslist-db@1.2.3(browserslist@4.28.1):
    dependencies:
      browserslist: 4.28.1
      escalade: 3.2.0
      picocolors: 1.1.1

  vite-plugin-full-reload@1.2.0:
    dependencies:
      picocolors: 1.1.1
      picomatch: 2.3.1

  vite@8.0.0(jiti@2.6.1):
    dependencies:
      '@oxc-project/runtime': 0.115.0
      lightningcss: 1.32.0
      picomatch: 4.0.3
      postcss: 8.5.8
      rolldown: 1.0.0-rc.9
      tinyglobby: 0.2.15
    optionalDependencies:
      fsevents: 2.3.3
      jiti: 2.6.1
